// !$*UTF8*$!
{
	archiveVersion = 1;
	classes = {
	};
	objectVersion = 50;
	objects = {

/* Begin PBXBuildFile section */
		9B34546F219D2BFA0035DD86 /* SignInViewController.swift in Sources */ = {isa = PBXBuildFile; fileRef = 9B34546E219D2BFA0035DD86 /* SignInViewController.swift */; };
		9B61A6C2219A6BCA0052F6D7 /* AppDelegate.swift in Sources */ = {isa = PBXBuildFile; fileRef = 9B61A6C1219A6BCA0052F6D7 /* AppDelegate.swift */; };
		9B61A6C4219A6BCA0052F6D7 /* WelcomeViewController.swift in Sources */ = {isa = PBXBuildFile; fileRef = 9B61A6C3219A6BCA0052F6D7 /* WelcomeViewController.swift */; };
		9B61A6C7219A6BCA0052F6D7 /* Main.storyboard in Resources */ = {isa = PBXBuildFile; fileRef = 9B61A6C5219A6BCA0052F6D7 /* Main.storyboard */; };
		9B61A6CA219A6BCA0052F6D7 /* Move.xcdatamodeld in Sources */ = {isa = PBXBuildFile; fileRef = 9B61A6C8219A6BCA0052F6D7 /* Move.xcdatamodeld */; };
		9B61A6CC219A6BCB0052F6D7 /* Assets.xcassets in Resources */ = {isa = PBXBuildFile; fileRef = 9B61A6CB219A6BCB0052F6D7 /* Assets.xcassets */; };
		9B61A6CF219A6BCB0052F6D7 /* LaunchScreen.storyboard in Resources */ = {isa = PBXBuildFile; fileRef = 9B61A6CD219A6BCB0052F6D7 /* LaunchScreen.storyboard */; };
		9B61A6DA219A6BCB0052F6D7 /* MoveTests.swift in Sources */ = {isa = PBXBuildFile; fileRef = 9B61A6D9219A6BCB0052F6D7 /* MoveTests.swift */; };
		9B61A6EA219A74010052F6D7 /* User.swift in Sources */ = {isa = PBXBuildFile; fileRef = 9B61A6E9219A74010052F6D7 /* User.swift */; };
/* End PBXBuildFile section */

/* Begin PBXContainerItemProxy section */
		9B61A6D6219A6BCB0052F6D7 /* PBXContainerItemProxy */ = {
			isa = PBXContainerItemProxy;
			containerPortal = 9B61A6B6219A6BCA0052F6D7 /* Project object */;
			proxyType = 1;
			remoteGlobalIDString = 9B61A6BD219A6BCA0052F6D7;
			remoteInfo = Move;
		};
/* End PBXContainerItemProxy section */

/* Begin PBXFileReference section */
		9B34546E219D2BFA0035DD86 /* SignInViewController.swift */ = {isa = PBXFileReference; lastKnownFileType = sourcecode.swift; name = SignInViewController.swift; path = Controllers/SignInViewController.swift; sourceTree = SOURCE_ROOT; };
		9B61A6BE219A6BCA0052F6D7 /* Move.app */ = {isa = PBXFileReference; explicitFileType = wrapper.application; includeInIndex = 0; path = Move.app; sourceTree = BUILT_PRODUCTS_DIR; };
		9B61A6C1219A6BCA0052F6D7 /* AppDelegate.swift */ = {isa = PBXFileReference; lastKnownFileType = sourcecode.swift; path = AppDelegate.swift; sourceTree = "<group>"; };
		9B61A6C3219A6BCA0052F6D7 /* WelcomeViewController.swift */ = {isa = PBXFileReference; lastKnownFileType = sourcecode.swift; path = WelcomeViewController.swift; sourceTree = "<group>"; };
		9B61A6C6219A6BCA0052F6D7 /* Base */ = {isa = PBXFileReference; lastKnownFileType = file.storyboard; name = Base; path = Base.lproj/Main.storyboard; sourceTree = "<group>"; };
		9B61A6C9219A6BCA0052F6D7 /* Move.xcdatamodel */ = {isa = PBXFileReference; lastKnownFileType = wrapper.xcdatamodel; path = Move.xcdatamodel; sourceTree = "<group>"; };
		9B61A6CB219A6BCB0052F6D7 /* Assets.xcassets */ = {isa = PBXFileReference; lastKnownFileType = folder.assetcatalog; path = Assets.xcassets; sourceTree = "<group>"; };
		9B61A6CE219A6BCB0052F6D7 /* Base */ = {isa = PBXFileReference; lastKnownFileType = file.storyboard; name = Base; path = Base.lproj/LaunchScreen.storyboard; sourceTree = "<group>"; };
		9B61A6D0219A6BCB0052F6D7 /* Info.plist */ = {isa = PBXFileReference; lastKnownFileType = text.plist.xml; path = Info.plist; sourceTree = "<group>"; };
		9B61A6D5219A6BCB0052F6D7 /* MoveTests.xctest */ = {isa = PBXFileReference; explicitFileType = wrapper.cfbundle; includeInIndex = 0; path = MoveTests.xctest; sourceTree = BUILT_PRODUCTS_DIR; };
		9B61A6D9219A6BCB0052F6D7 /* MoveTests.swift */ = {isa = PBXFileReference; lastKnownFileType = sourcecode.swift; path = MoveTests.swift; sourceTree = "<group>"; };
		9B61A6DB219A6BCB0052F6D7 /* Info.plist */ = {isa = PBXFileReference; lastKnownFileType = text.plist.xml; path = Info.plist; sourceTree = "<group>"; };
		9B61A6E9219A74010052F6D7 /* User.swift */ = {isa = PBXFileReference; lastKnownFileType = sourcecode.swift; path = User.swift; sourceTree = "<group>"; };
		9B69802B219BD2DC006686A8 /* README.md */ = {isa = PBXFileReference; lastKnownFileType = net.daringfireball.markdown; path = README.md; sourceTree = "<group>"; };
/* End PBXFileReference section */

/* Begin PBXFrameworksBuildPhase section */
		9B61A6BB219A6BCA0052F6D7 /* Frameworks */ = {
			isa = PBXFrameworksBuildPhase;
			buildActionMask = 2147483647;
			files = (
			);
			runOnlyForDeploymentPostprocessing = 0;
		};
		9B61A6D2219A6BCB0052F6D7 /* Frameworks */ = {
			isa = PBXFrameworksBuildPhase;
			buildActionMask = 2147483647;
			files = (
			);
			runOnlyForDeploymentPostprocessing = 0;
		};
/* End PBXFrameworksBuildPhase section */

/* Begin PBXGroup section */
		9B61A6B5219A6BCA0052F6D7 = {
			isa = PBXGroup;
			children = (
				9B61A6E8219A73F10052F6D7 /* Constructors */,
				9B61A6E4219A6C890052F6D7 /* Storyboards */,
				9B61A6E5219A6C930052F6D7 /* Controllers */,
				9B698028219BCEEA006686A8 /* Frameworks */,
				9B61A6C0219A6BCA0052F6D7 /* Move */,
				9B61A6D8219A6BCB0052F6D7 /* MoveTests */,
				9B61A6BF219A6BCA0052F6D7 /* Products */,
				9B69802B219BD2DC006686A8 /* README.md */,
			);
			sourceTree = "<group>";
		};
		9B61A6BF219A6BCA0052F6D7 /* Products */ = {
			isa = PBXGroup;
			children = (
				9B61A6BE219A6BCA0052F6D7 /* Move.app */,
				9B61A6D5219A6BCB0052F6D7 /* MoveTests.xctest */,
			);
			name = Products;
			sourceTree = "<group>";
		};
		9B61A6C0219A6BCA0052F6D7 /* Move */ = {
			isa = PBXGroup;
			children = (
				9B61A6C1219A6BCA0052F6D7 /* AppDelegate.swift */,
				9B61A6CB219A6BCB0052F6D7 /* Assets.xcassets */,
				9B61A6D0219A6BCB0052F6D7 /* Info.plist */,
				9B61A6C8219A6BCA0052F6D7 /* Move.xcdatamodeld */,
			);
			path = Move;
			sourceTree = "<group>";
		};
		9B61A6D8219A6BCB0052F6D7 /* MoveTests */ = {
			isa = PBXGroup;
			children = (
				9B61A6D9219A6BCB0052F6D7 /* MoveTests.swift */,
				9B61A6DB219A6BCB0052F6D7 /* Info.plist */,
			);
			path = MoveTests;
			sourceTree = "<group>";
		};
		9B61A6E4219A6C890052F6D7 /* Storyboards */ = {
			isa = PBXGroup;
			children = (
				9B61A6C5219A6BCA0052F6D7 /* Main.storyboard */,
				9B61A6CD219A6BCB0052F6D7 /* LaunchScreen.storyboard */,
			);
			path = Storyboards;
			sourceTree = "<group>";
		};
		9B61A6E5219A6C930052F6D7 /* Controllers */ = {
			isa = PBXGroup;
			children = (
				9B34546E219D2BFA0035DD86 /* SignInViewController.swift */,
				9B61A6C3219A6BCA0052F6D7 /* WelcomeViewController.swift */,
			);
			path = Controllers;
			sourceTree = "<group>";
		};
		9B61A6E8219A73F10052F6D7 /* Constructors */ = {
			isa = PBXGroup;
			children = (
				9B61A6E9219A74010052F6D7 /* User.swift */,
			);
			path = Constructors;
			sourceTree = "<group>";
		};
		9B698028219BCEEA006686A8 /* Frameworks */ = {
			isa = PBXGroup;
			children = (
			);
			name = Frameworks;
			sourceTree = "<group>";
		};
/* End PBXGroup section */

/* Begin PBXNativeTarget section */
		9B61A6BD219A6BCA0052F6D7 /* Move */ = {
			isa = PBXNativeTarget;
			buildConfigurationList = 9B61A6DE219A6BCB0052F6D7 /* Build configuration list for PBXNativeTarget "Move" */;
			buildPhases = (
				9B61A6BA219A6BCA0052F6D7 /* Sources */,
				9B61A6BB219A6BCA0052F6D7 /* Frameworks */,
				9B61A6BC219A6BCA0052F6D7 /* Resources */,
			);
			buildRules = (
			);
			dependencies = (
			);
			name = Move;
			productName = Move;
			productReference = 9B61A6BE219A6BCA0052F6D7 /* Move.app */;
			productType = "com.apple.product-type.application";
		};
		9B61A6D4219A6BCB0052F6D7 /* MoveTests */ = {
			isa = PBXNativeTarget;
			buildConfigurationList = 9B61A6E1219A6BCB0052F6D7 /* Build configuration list for PBXNativeTarget "MoveTests" */;
			buildPhases = (
				9B61A6D1219A6BCB0052F6D7 /* Sources */,
				9B61A6D2219A6BCB0052F6D7 /* Frameworks */,
				9B61A6D3219A6BCB0052F6D7 /* Resources */,
			);
			buildRules = (
			);
			dependencies = (
				9B61A6D7219A6BCB0052F6D7 /* PBXTargetDependency */,
			);
			name = MoveTests;
			productName = MoveTests;
			productReference = 9B61A6D5219A6BCB0052F6D7 /* MoveTests.xctest */;
			productType = "com.apple.product-type.bundle.unit-test";
		};
/* End PBXNativeTarget section */

/* Begin PBXProject section */
		9B61A6B6219A6BCA0052F6D7 /* Project object */ = {
			isa = PBXProject;
			attributes = {
				LastSwiftUpdateCheck = 1010;
				LastUpgradeCheck = 1010;
				ORGANIZATIONNAME = CodeX;
				TargetAttributes = {
					9B61A6BD219A6BCA0052F6D7 = {
						CreatedOnToolsVersion = 10.1;
						SystemCapabilities = {
							com.apple.GameCenter.iOS = {
								enabled = 0;
							};
						};
					};
					9B61A6D4219A6BCB0052F6D7 = {
						CreatedOnToolsVersion = 10.1;
						TestTargetID = 9B61A6BD219A6BCA0052F6D7;
					};
				};
			};
			buildConfigurationList = 9B61A6B9219A6BCA0052F6D7 /* Build configuration list for PBXProject "Move" */;
			compatibilityVersion = "Xcode 9.3";
			developmentRegion = en;
			hasScannedForEncodings = 0;
			knownRegions = (
				en,
				Base,
			);
			mainGroup = 9B61A6B5219A6BCA0052F6D7;
			productRefGroup = 9B61A6BF219A6BCA0052F6D7 /* Products */;
			projectDirPath = "";
			projectRoot = "";
			targets = (
				9B61A6BD219A6BCA0052F6D7 /* Move */,
				9B61A6D4219A6BCB0052F6D7 /* MoveTests */,
			);
		};
/* End PBXProject section */

/* Begin PBXResourcesBuildPhase section */
		9B61A6BC219A6BCA0052F6D7 /* Resources */ = {
			isa = PBXResourcesBuildPhase;
			buildActionMask = 2147483647;
			files = (
				9B61A6CF219A6BCB0052F6D7 /* LaunchScreen.storyboard in Resources */,
				9B61A6CC219A6BCB0052F6D7 /* Assets.xcassets in Resources */,
				9B61A6C7219A6BCA0052F6D7 /* Main.storyboard in Resources */,
			);
			runOnlyForDeploymentPostprocessing = 0;
		};
		9B61A6D3219A6BCB0052F6D7 /* Resources */ = {
			isa = PBXResourcesBuildPhase;
			buildActionMask = 2147483647;
			files = (
			);
			runOnlyForDeploymentPostprocessing = 0;
		};
/* End PBXResourcesBuildPhase section */

/* Begin PBXSourcesBuildPhase section */
		9B61A6BA219A6BCA0052F6D7 /* Sources */ = {
			isa = PBXSourcesBuildPhase;
			buildActionMask = 2147483647;
			files = (
				9B61A6EA219A74010052F6D7 /* User.swift in Sources */,
				9B61A6C4219A6BCA0052F6D7 /* WelcomeViewController.swift in Sources */,
				9B61A6CA219A6BCA0052F6D7 /* Move.xcdatamodeld in Sources */,
				9B34546F219D2BFA0035DD86 /* SignInViewController.swift in Sources */,
				9B61A6C2219A6BCA0052F6D7 /* AppDelegate.swift in Sources */,
			);
			runOnlyForDeploymentPostprocessing = 0;
		};
		9B61A6D1219A6BCB0052F6D7 /* Sources */ = {
			isa = PBXSourcesBuildPhase;
			buildActionMask = 2147483647;
			files = (
				9B61A6DA219A6BCB0052F6D7 /* MoveTests.swift in Sources */,
			);
			runOnlyForDeploymentPostprocessing = 0;
		};
/* End PBXSourcesBuildPhase section */

/* Begin PBXTargetDependency section */
		9B61A6D7219A6BCB0052F6D7 /* PBXTargetDependency */ = {
			isa = PBXTargetDependency;
			target = 9B61A6BD219A6BCA0052F6D7 /* Move */;
			targetProxy = 9B61A6D6219A6BCB0052F6D7 /* PBXContainerItemProxy */;
		};
/* End PBXTargetDependency section */

/* Begin PBXVariantGroup section */
		9B61A6C5219A6BCA0052F6D7 /* Main.storyboard */ = {
			isa = PBXVariantGroup;
			children = (
				9B61A6C6219A6BCA0052F6D7 /* Base */,
			);
			name = Main.storyboard;
			sourceTree = "<group>";
		};
		9B61A6CD219A6BCB0052F6D7 /* LaunchScreen.storyboard */ = {
			isa = PBXVariantGroup;
			children = (
				9B61A6CE219A6BCB0052F6D7 /* Base */,
			);
			name = LaunchScreen.storyboard;
			sourceTree = "<group>";
		};
/* End PBXVariantGroup section */

/* Begin XCBuildConfiguration section */
		9B61A6DC219A6BCB0052F6D7 /* Debug */ = {
			isa = XCBuildConfiguration;
			buildSettings = {
				ALWAYS_SEARCH_USER_PATHS = NO;
				CLANG_ANALYZER_NONNULL = YES;
				CLANG_ANALYZER_NUMBER_OBJECT_CONVERSION = YES_AGGRESSIVE;
				CLANG_CXX_LANGUAGE_STANDARD = "gnu++14";
				CLANG_CXX_LIBRARY = "libc++";
				CLANG_ENABLE_MODULES = YES;
				CLANG_ENABLE_OBJC_ARC = YES;
				CLANG_ENABLE_OBJC_WEAK = YES;
				CLANG_WARN_BLOCK_CAPTURE_AUTORELEASING = YES;
				CLANG_WARN_BOOL_CONVERSION = YES;
				CLANG_WARN_COMMA = YES;
				CLANG_WARN_CONSTANT_CONVERSION = YES;
				CLANG_WARN_DEPRECATED_OBJC_IMPLEMENTATIONS = YES;
				CLANG_WARN_DIRECT_OBJC_ISA_USAGE = YES_ERROR;
				CLANG_WARN_DOCUMENTATION_COMMENTS = YES;
				CLANG_WARN_EMPTY_BODY = YES;
				CLANG_WARN_ENUM_CONVERSION = YES;
				CLANG_WARN_INFINITE_RECURSION = YES;
				CLANG_WARN_INT_CONVERSION = YES;
				CLANG_WARN_NON_LITERAL_NULL_CONVERSION = YES;
				CLANG_WARN_OBJC_IMPLICIT_RETAIN_SELF = YES;
				CLANG_WARN_OBJC_LITERAL_CONVERSION = YES;
				CLANG_WARN_OBJC_ROOT_CLASS = YES_ERROR;
				CLANG_WARN_RANGE_LOOP_ANALYSIS = YES;
				CLANG_WARN_STRICT_PROTOTYPES = YES;
				CLANG_WARN_SUSPICIOUS_MOVE = YES;
				CLANG_WARN_UNGUARDED_AVAILABILITY = YES_AGGRESSIVE;
				CLANG_WARN_UNREACHABLE_CODE = YES;
				CLANG_WARN__DUPLICATE_METHOD_MATCH = YES;
				CODE_SIGN_IDENTITY = "iPhone Developer";
				COPY_PHASE_STRIP = NO;
				DEBUG_INFORMATION_FORMAT = dwarf;
				ENABLE_STRICT_OBJC_MSGSEND = YES;
				ENABLE_TESTABILITY = YES;
				GCC_C_LANGUAGE_STANDARD = gnu11;
				GCC_DYNAMIC_NO_PIC = NO;
				GCC_NO_COMMON_BLOCKS = YES;
				GCC_OPTIMIZATION_LEVEL = 0;
				GCC_PREPROCESSOR_DEFINITIONS = (
					"DEBUG=1",
					"$(inherited)",
				);
				GCC_WARN_64_TO_32_BIT_CONVERSION = YES;
				GCC_WARN_ABOUT_RETURN_TYPE = YES_ERROR;
				GCC_WARN_UNDECLARED_SELECTOR = YES;
				GCC_WARN_UNINITIALIZED_AUTOS = YES_AGGRESSIVE;
				GCC_WARN_UNUSED_FUNCTION = YES;
				GCC_WARN_UNUSED_VARIABLE = YES;
				IPHONEOS_DEPLOYMENT_TARGET = 12.1;
				MTL_ENABLE_DEBUG_INFO = INCLUDE_SOURCE;
				MTL_FAST_MATH = YES;
				ONLY_ACTIVE_ARCH = YES;
				SDKROOT = iphoneos;
				SWIFT_ACTIVE_COMPILATION_CONDITIONS = DEBUG;
				SWIFT_OPTIMIZATION_LEVEL = "-Onone";
			};
			name = Debug;
		};
		9B61A6DD219A6BCB0052F6D7 /* Release */ = {
			isa = XCBuildConfiguration;
			buildSettings = {
				ALWAYS_SEARCH_USER_PATHS = NO;
				CLANG_ANALYZER_NONNULL = YES;
				CLANG_ANALYZER_NUMBER_OBJECT_CONVERSION = YES_AGGRESSIVE;
				CLANG_CXX_LANGUAGE_STANDARD = "gnu++14";
				CLANG_CXX_LIBRARY = "libc++";
				CLANG_ENABLE_MODULES = YES;
				CLANG_ENABLE_OBJC_ARC = YES;
				CLANG_ENABLE_OBJC_WEAK = YES;
				CLANG_WARN_BLOCK_CAPTURE_AUTORELEASING = YES;
				CLANG_WARN_BOOL_CONVERSION = YES;
				CLANG_WARN_COMMA = YES;
				CLANG_WARN_CONSTANT_CONVERSION = YES;
				CLANG_WARN_DEPRECATED_OBJC_IMPLEMENTATIONS = YES;
				CLANG_WARN_DIRECT_OBJC_ISA_USAGE = YES_ERROR;
				CLANG_WARN_DOCUMENTATION_COMMENTS = YES;
				CLANG_WARN_EMPTY_BODY = YES;
				CLANG_WARN_ENUM_CONVERSION = YES;
				CLANG_WARN_INFINITE_RECURSION = YES;
				CLANG_WARN_INT_CONVERSION = YES;
				CLANG_WARN_NON_LITERAL_NULL_CONVERSION = YES;
				CLANG_WARN_OBJC_IMPLICIT_RETAIN_SELF = YES;
				CLANG_WARN_OBJC_LITERAL_CONVERSION = YES;
				CLANG_WARN_OBJC_ROOT_CLASS = YES_ERROR;
				CLANG_WARN_RANGE_LOOP_ANALYSIS = YES;
				CLANG_WARN_STRICT_PROTOTYPES = YES;
				CLANG_WARN_SUSPICIOUS_MOVE = YES;
				CLANG_WARN_UNGUARDED_AVAILABILITY = YES_AGGRESSIVE;
				CLANG_WARN_UNREACHABLE_CODE = YES;
				CLANG_WARN__DUPLICATE_METHOD_MATCH = YES;
				CODE_SIGN_IDENTITY = "iPhone Developer";
				COPY_PHASE_STRIP = NO;
				DEBUG_INFORMATION_FORMAT = "dwarf-with-dsym";
				ENABLE_NS_ASSERTIONS = NO;
				ENABLE_STRICT_OBJC_MSGSEND = YES;
				GCC_C_LANGUAGE_STANDARD = gnu11;
				GCC_NO_COMMON_BLOCKS = YES;
				GCC_WARN_64_TO_32_BIT_CONVERSION = YES;
				GCC_WARN_ABOUT_RETURN_TYPE = YES_ERROR;
				GCC_WARN_UNDECLARED_SELECTOR = YES;
				GCC_WARN_UNINITIALIZED_AUTOS = YES_AGGRESSIVE;
				GCC_WARN_UNUSED_FUNCTION = YES;
				GCC_WARN_UNUSED_VARIABLE = YES;
				IPHONEOS_DEPLOYMENT_TARGET = 12.1;
				MTL_ENABLE_DEBUG_INFO = NO;
				MTL_FAST_MATH = YES;
				SDKROOT = iphoneos;
				SWIFT_COMPILATION_MODE = wholemodule;
				SWIFT_OPTIMIZATION_LEVEL = "-O";
				VALIDATE_PRODUCT = YES;
			};
			name = Release;
		};
		9B61A6DF219A6BCB0052F6D7 /* Debug */ = {
			isa = XCBuildConfiguration;
			buildSettings = {
				ASSETCATALOG_COMPILER_APPICON_NAME = AppIcon;
				CODE_SIGN_STYLE = Automatic;
				DEVELOPMENT_TEAM = FXUS55NRQ7;
				INFOPLIST_FILE = Move/Info.plist;
				IPHONEOS_DEPLOYMENT_TARGET = 12.0;
				LD_RUNPATH_SEARCH_PATHS = (
					"$(inherited)",
					"@executable_path/Frameworks",
				);
				PRODUCT_BUNDLE_IDENTIFIER = CodeX.Move;
				PRODUCT_NAME = "$(TARGET_NAME)";
				SWIFT_VERSION = 4.2;
				TARGETED_DEVICE_FAMILY = 1;
			};
			name = Debug;
		};
		9B61A6E0219A6BCB0052F6D7 /* Release */ = {
			isa = XCBuildConfiguration;
			buildSettings = {
				ASSETCATALOG_COMPILER_APPICON_NAME = AppIcon;
				CODE_SIGN_STYLE = Automatic;
				DEVELOPMENT_TEAM = FXUS55NRQ7;
				INFOPLIST_FILE = Move/Info.plist;
				IPHONEOS_DEPLOYMENT_TARGET = 12.0;
				LD_RUNPATH_SEARCH_PATHS = (
					"$(inherited)",
					"@executable_path/Frameworks",
				);
				PRODUCT_BUNDLE_IDENTIFIER = CodeX.Move;
				PRODUCT_NAME = "$(TARGET_NAME)";
				SWIFT_VERSION = 4.2;
				TARGETED_DEVICE_FAMILY = 1;
			};
			name = Release;
		};
		9B61A6E2219A6BCB0052F6D7 /* Debug */ = {
			isa = XCBuildConfiguration;
			buildSettings = {
				ALWAYS_EMBED_SWIFT_STANDARD_LIBRARIES = YES;
				BUNDLE_LOADER = "$(TEST_HOST)";
				CODE_SIGN_STYLE = Automatic;
				DEVELOPMENT_TEAM = FXUS55NRQ7;
				INFOPLIST_FILE = MoveTests/Info.plist;
				LD_RUNPATH_SEARCH_PATHS = (
					"$(inherited)",
					"@executable_path/Frameworks",
					"@loader_path/Frameworks",
				);
				PRODUCT_BUNDLE_IDENTIFIER = CodeX.MoveTests;
				PRODUCT_NAME = "$(TARGET_NAME)";
				SWIFT_VERSION = 4.2;
				TARGETED_DEVICE_FAMILY = "1,2";
				TEST_HOST = "$(BUILT_PRODUCTS_DIR)/Move.app/Move";
			};
			name = Debug;
		};
		9B61A6E3219A6BCB0052F6D7 /* Release */ = {
			isa = XCBuildConfiguration;
			buildSettings = {
				ALWAYS_EMBED_SWIFT_STANDARD_LIBRARIES = YES;
				BUNDLE_LOADER = "$(TEST_HOST)";
				CODE_SIGN_STYLE = Automatic;
				DEVELOPMENT_TEAM = FXUS55NRQ7;
				INFOPLIST_FILE = MoveTests/Info.plist;
				LD_RUNPATH_SEARCH_PATHS = (
					"$(inherited)",
					"@executable_path/Frameworks",
					"@loader_path/Frameworks",
				);
				PRODUCT_BUNDLE_IDENTIFIER = CodeX.MoveTests;
				PRODUCT_NAME = "$(TARGET_NAME)";
				SWIFT_VERSION = 4.2;
				TARGETED_DEVICE_FAMILY = "1,2";
				TEST_HOST = "$(BUILT_PRODUCTS_DIR)/Move.app/Move";
			};
			name = Release;
		};
/* End XCBuildConfiguration section */

/* Begin XCConfigurationList section */
		9B61A6B9219A6BCA0052F6D7 /* Build configuration list for PBXProject "Move" */ = {
			isa = XCConfigurationList;
			buildConfigurations = (
				9B61A6DC219A6BCB0052F6D7 /* Debug */,
				9B61A6DD219A6BCB0052F6D7 /* Release */,
			);
			defaultConfigurationIsVisible = 0;
			defaultConfigurationName = Release;
		};
		9B61A6DE219A6BCB0052F6D7 /* Build configuration list for PBXNativeTarget "Move" */ = {
			isa = XCConfigurationList;
			buildConfigurations = (
				9B61A6DF219A6BCB0052F6D7 /* Debug */,
				9B61A6E0219A6BCB0052F6D7 /* Release */,
			);
			defaultConfigurationIsVisible = 0;
			defaultConfigurationName = Release;
		};
		9B61A6E1219A6BCB0052F6D7 /* Build configuration list for PBXNativeTarget "MoveTests" */ = {
			isa = XCConfigurationList;
			buildConfigurations = (
				9B61A6E2219A6BCB0052F6D7 /* Debug */,
				9B61A6E3219A6BCB0052F6D7 /* Release */,
			);
			defaultConfigurationIsVisible = 0;
			defaultConfigurationName = Release;
		};
/* End XCConfigurationList section */

/* Begin XCVersionGroup section */
		9B61A6C8219A6BCA0052F6D7 /* Move.xcdatamodeld */ = {
			isa = XCVersionGroup;
			children = (
				9B61A6C9219A6BCA0052F6D7 /* Move.xcdatamodel */,
			);
			currentVersion = 9B61A6C9219A6BCA0052F6D7 /* Move.xcdatamodel */;
			path = Move.xcdatamodeld;
			sourceTree = "<group>";
			versionGroupType = wrapper.xcdatamodel;
		};
/* End XCVersionGroup section */
	};
	rootObject = 9B61A6B6219A6BCA0052F6D7 /* Project object */;
}
